
Microsoft Visual Studio Solution File, Format Version 12.00
# Visual Studio Version 17
VisualStudioVersion = 17.5.002.0
MinimumVisualStudioVersion = 10.0.40219.1
Project("{9A19103F-16F7-4668-BE54-9A1E7A4F7556}") = "4_3", "4_3\4_3.csproj", "{70DC882A-626D-4802-9B28-99A9F3E2841A}"
EndProject
Global
	GlobalSection(SolutionConfigurationPlatforms) = preSolution
		Debug|Any CPU = Debug|Any CPU
		Release|Any CPU = Release|Any CPU
	EndGlobalSection
	GlobalSection(ProjectConfigurationPlatforms) = postSolution
		{70DC882A-626D-4802-9B28-99A9F3E2841A}.Debug|Any CPU.ActiveCfg = Debug|Any CPU
		{70DC882A-626D-4802-9B28-99A9F3E2841A}.Debug|Any CPU.Build.0 = Debug|Any CPU
		{70DC882A-626D-4802-9B28-99A9F3E2841A}.Release|Any CPU.ActiveCfg = Release|Any CPU
		{70DC882A-626D-4802-9B28-99A9F3E2841A}.Release|Any CPU.Build.0 = Release|Any CPU
	EndGlobalSection
	GlobalSection(SolutionProperties) = preSolution
		HideSolutionNode = FALSE
	EndGlobalSection
	GlobalSection(ExtensibilityGlobals) = postSolution
		SolutionGuid = {A27B7E16-BF01-41A1-B348-CBDE1BF79377}
	EndGlobalSection
EndGlobal
